
Microsoft Visual Studio Solution File, Format Version 12.00
# Visual Studio Version 17
VisualStudioVersion = 17.9.34728.123
MinimumVisualStudioVersion = 10.0.40219.1
Project("{9A19103F-16F7-4668-BE54-9A1E7A4F7556}") = "SummarizationAPI", "SummarizationAPI\SummarizationAPI.csproj", "{C4622EF6-9E09-472E-B063-CF750A4F5F51}"
EndProject
Project("{2150E333-8FDC-42A3-9474-1A3956D46DE8}") = "Solution Items", "Solution Items", "{22F53B64-358A-487F-8D44-77D4E2DF34B5}"
	ProjectSection(SolutionItems) = preProject
		.editorconfig = .editorconfig
	EndProjectSection
EndProject
Project("{FAE04EC0-301F-11D3-BF4B-00C04F79EFBC}") = "SummarizationAPI.Console", "SummarizationAPI.Console\SummarizationAPI.Console.csproj", "{088AE9A5-B715-4ABF-9C60-5F195E18BA29}"
EndProject
Project("{FAE04EC0-301F-11D3-BF4B-00C04F79EFBC}") = "Summarization.Evaluation.Tests", "Summarization.Evaluation.Tests\Summarization.Evaluation.Tests.csproj", "{5EC186AA-F627-4DF1-B1D1-41A439B7C628}"
EndProject
Global
	GlobalSection(SolutionConfigurationPlatforms) = preSolution
		Debug|Any CPU = Debug|Any CPU
		Release|Any CPU = Release|Any CPU
	EndGlobalSection
	GlobalSection(ProjectConfigurationPlatforms) = postSolution
		{C4622EF6-9E09-472E-B063-CF750A4F5F51}.Debug|Any CPU.ActiveCfg = Debug|Any CPU
		{C4622EF6-9E09-472E-B063-CF750A4F5F51}.Debug|Any CPU.Build.0 = Debug|Any CPU
		{C4622EF6-9E09-472E-B063-CF750A4F5F51}.Release|Any CPU.ActiveCfg = Release|Any CPU
		{C4622EF6-9E09-472E-B063-CF750A4F5F51}.Release|Any CPU.Build.0 = Release|Any CPU
		{088AE9A5-B715-4ABF-9C60-5F195E18BA29}.Debug|Any CPU.ActiveCfg = Debug|Any CPU
		{088AE9A5-B715-4ABF-9C60-5F195E18BA29}.Debug|Any CPU.Build.0 = Debug|Any CPU
		{088AE9A5-B715-4ABF-9C60-5F195E18BA29}.Release|Any CPU.ActiveCfg = Release|Any CPU
		{088AE9A5-B715-4ABF-9C60-5F195E18BA29}.Release|Any CPU.Build.0 = Release|Any CPU
		{5EC186AA-F627-4DF1-B1D1-41A439B7C628}.Debug|Any CPU.ActiveCfg = Debug|Any CPU
		{5EC186AA-F627-4DF1-B1D1-41A439B7C628}.Debug|Any CPU.Build.0 = Debug|Any CPU
		{5EC186AA-F627-4DF1-B1D1-41A439B7C628}.Release|Any CPU.ActiveCfg = Release|Any CPU
		{5EC186AA-F627-4DF1-B1D1-41A439B7C628}.Release|Any CPU.Build.0 = Release|Any CPU
	EndGlobalSection
	GlobalSection(SolutionProperties) = preSolution
		HideSolutionNode = FALSE
	EndGlobalSection
	GlobalSection(ExtensibilityGlobals) = postSolution
		SolutionGuid = {65D11E14-F0FA-4C91-90E5-255EC6025531}
	EndGlobalSection
EndGlobal
